// !$*UTF8*$!
{
	archiveVersion = 1;
	classes = {
	};
	objectVersion = 50;
	objects = {

/* Begin PBXBuildFile section */
		D84BB6D626C8F770005C953B /* Item+CoreDataClass.swift in Sources */ = {isa = PBXBuildFile; fileRef = D84BB6D426C8F770005C953B /* Item+CoreDataClass.swift */; };
		D84BB6D726C8F770005C953B /* Item+CoreDataProperties.swift in Sources */ = {isa = PBXBuildFile; fileRef = D84BB6D526C8F770005C953B /* Item+CoreDataProperties.swift */; };
		D84BB6DB26C91192005C953B /* ChildView.swift in Sources */ = {isa = PBXBuildFile; fileRef = D84BB6DA26C91192005C953B /* ChildView.swift */; };
		D88B311726C6498E00FDB382 /* SwiftUICoreDataBugApp.swift in Sources */ = {isa = PBXBuildFile; fileRef = D88B311626C6498E00FDB382 /* SwiftUICoreDataBugApp.swift */; };
		D88B311926C6498E00FDB382 /* ContentView.swift in Sources */ = {isa = PBXBuildFile; fileRef = D88B311826C6498E00FDB382 /* ContentView.swift */; };
		D88B311B26C6498F00FDB382 /* Assets.xcassets in Resources */ = {isa = PBXBuildFile; fileRef = D88B311A26C6498F00FDB382 /* Assets.xcassets */; };
		D88B311E26C6498F00FDB382 /* Preview Assets.xcassets in Resources */ = {isa = PBXBuildFile; fileRef = D88B311D26C6498F00FDB382 /* Preview Assets.xcassets */; };
		D88B312026C6498F00FDB382 /* Persistence.swift in Sources */ = {isa = PBXBuildFile; fileRef = D88B311F26C6498F00FDB382 /* Persistence.swift */; };
		D88B312326C6498F00FDB382 /* SwiftUICoreDataBug.xcdatamodeld in Sources */ = {isa = PBXBuildFile; fileRef = D88B312126C6498F00FDB382 /* SwiftUICoreDataBug.xcdatamodeld */; };
/* End PBXBuildFile section */

/* Begin PBXFileReference section */
		D84BB6D426C8F770005C953B /* Item+CoreDataClass.swift */ = {isa = PBXFileReference; lastKnownFileType = sourcecode.swift; path = "Item+CoreDataClass.swift"; sourceTree = "<group>"; };
		D84BB6D526C8F770005C953B /* Item+CoreDataProperties.swift */ = {isa = PBXFileReference; lastKnownFileType = sourcecode.swift; path = "Item+CoreDataProperties.swift"; sourceTree = "<group>"; };
		D84BB6DA26C91192005C953B /* ChildView.swift */ = {isa = PBXFileReference; lastKnownFileType = sourcecode.swift; path = ChildView.swift; sourceTree = "<group>"; };
		D88B311326C6498E00FDB382 /* SwiftUICoreDataBug.app */ = {isa = PBXFileReference; explicitFileType = wrapper.application; includeInIndex = 0; path = SwiftUICoreDataBug.app; sourceTree = BUILT_PRODUCTS_DIR; };
		D88B311626C6498E00FDB382 /* SwiftUICoreDataBugApp.swift */ = {isa = PBXFileReference; lastKnownFileType = sourcecode.swift; path = SwiftUICoreDataBugApp.swift; sourceTree = "<group>"; };
		D88B311826C6498E00FDB382 /* ContentView.swift */ = {isa = PBXFileReference; lastKnownFileType = sourcecode.swift; path = ContentView.swift; sourceTree = "<group>"; };
		D88B311A26C6498F00FDB382 /* Assets.xcassets */ = {isa = PBXFileReference; lastKnownFileType = folder.assetcatalog; path = Assets.xcassets; sourceTree = "<group>"; };
		D88B311D26C6498F00FDB382 /* Preview Assets.xcassets */ = {isa = PBXFileReference; lastKnownFileType = folder.assetcatalog; path = "Preview Assets.xcassets"; sourceTree = "<group>"; };
		D88B311F26C6498F00FDB382 /* Persistence.swift */ = {isa = PBXFileReference; lastKnownFileType = sourcecode.swift; path = Persistence.swift; sourceTree = "<group>"; };
		D88B312226C6498F00FDB382 /* SwiftUICoreDataBug.xcdatamodel */ = {isa = PBXFileReference; lastKnownFileType = wrapper.xcdatamodel; path = SwiftUICoreDataBug.xcdatamodel; sourceTree = "<group>"; };
		D88B312426C6498F00FDB382 /* Info.plist */ = {isa = PBXFileReference; lastKnownFileType = text.plist.xml; path = Info.plist; sourceTree = "<group>"; };
/* End PBXFileReference section */

/* Begin PBXFrameworksBuildPhase section */
		D88B311026C6498E00FDB382 /* Frameworks */ = {
			isa = PBXFrameworksBuildPhase;
			buildActionMask = 2147483647;
			files = (
			);
			runOnlyForDeploymentPostprocessing = 0;
		};
/* End PBXFrameworksBuildPhase section */

/* Begin PBXGroup section */
		D88B310A26C6498E00FDB382 = {
			isa = PBXGroup;
			children = (
				D84BB6D426C8F770005C953B /* Item+CoreDataClass.swift */,
				D84BB6D526C8F770005C953B /* Item+CoreDataProperties.swift */,
				D88B311526C6498E00FDB382 /* SwiftUICoreDataBug */,
				D88B311426C6498E00FDB382 /* Products */,
			);
			sourceTree = "<group>";
		};
		D88B311426C6498E00FDB382 /* Products */ = {
			isa = PBXGroup;
			children = (
				D88B311326C6498E00FDB382 /* SwiftUICoreDataBug.app */,
			);
			name = Products;
			sourceTree = "<group>";
		};
		D88B311526C6498E00FDB382 /* SwiftUICoreDataBug */ = {
			isa = PBXGroup;
			children = (
				D88B311626C6498E00FDB382 /* SwiftUICoreDataBugApp.swift */,
				D88B311826C6498E00FDB382 /* ContentView.swift */,
				D84BB6DA26C91192005C953B /* ChildView.swift */,
				D88B311A26C6498F00FDB382 /* Assets.xcassets */,
				D88B311F26C6498F00FDB382 /* Persistence.swift */,
				D88B312426C6498F00FDB382 /* Info.plist */,
				D88B312126C6498F00FDB382 /* SwiftUICoreDataBug.xcdatamodeld */,
				D88B311C26C6498F00FDB382 /* Preview Content */,
			);
			path = SwiftUICoreDataBug;
			sourceTree = "<group>";
		};
		D88B311C26C6498F00FDB382 /* Preview Content */ = {
			isa = PBXGroup;
			children = (
				D88B311D26C6498F00FDB382 /* Preview Assets.xcassets */,
			);
			path = "Preview Content";
			sourceTree = "<group>";
		};
/* End PBXGroup section */

/* Begin PBXNativeTarget section */
		D88B311226C6498E00FDB382 /* SwiftUICoreDataBug */ = {
			isa = PBXNativeTarget;
			buildConfigurationList = D88B312726C6498F00FDB382 /* Build configuration list for PBXNativeTarget "SwiftUICoreDataBug" */;
			buildPhases = (
				D88B310F26C6498E00FDB382 /* Sources */,
				D88B311026C6498E00FDB382 /* Frameworks */,
				D88B311126C6498E00FDB382 /* Resources */,
			);
			buildRules = (
			);
			dependencies = (
			);
			name = SwiftUICoreDataBug;
			productName = SwiftUICoreDataBug;
			productReference = D88B311326C6498E00FDB382 /* SwiftUICoreDataBug.app */;
			productType = "com.apple.product-type.application";
		};
/* End PBXNativeTarget section */

/* Begin PBXProject section */
		D88B310B26C6498E00FDB382 /* Project object */ = {
			isa = PBXProject;
			attributes = {
				LastSwiftUpdateCheck = 1250;
				LastUpgradeCheck = 1250;
				TargetAttributes = {
					D88B311226C6498E00FDB382 = {
						CreatedOnToolsVersion = 12.5.1;
					};
				};
			};
			buildConfigurationList = D88B310E26C6498E00FDB382 /* Build configuration list for PBXProject "SwiftUICoreDataBug" */;
			compatibilityVersion = "Xcode 9.3";
			developmentRegion = en;
			hasScannedForEncodings = 0;
			knownRegions = (
				en,
				Base,
			);
			mainGroup = D88B310A26C6498E00FDB382;
			productRefGroup = D88B311426C6498E00FDB382 /* Products */;
			projectDirPath = "";
			projectRoot = "";
			targets = (
				D88B311226C6498E00FDB382 /* SwiftUICoreDataBug */,
			);
		};
/* End PBXProject section */

/* Begin PBXResourcesBuildPhase section */
		D88B311126C6498E00FDB382 /* Resources */ = {
			isa = PBXResourcesBuildPhase;
			buildActionMask = 2147483647;
			files = (
				D88B311E26C6498F00FDB382 /* Preview Assets.xcassets in Resources */,
				D88B311B26C6498F00FDB382 /* Assets.xcassets in Resources */,
			);
			runOnlyForDeploymentPostprocessing = 0;
		};
/* End PBXResourcesBuildPhase section */

/* Begin PBXSourcesBuildPhase section */
		D88B310F26C6498E00FDB382 /* Sources */ = {
			isa = PBXSourcesBuildPhase;
			buildActionMask = 2147483647;
			files = (
				D84BB6D726C8F770005C953B /* Item+CoreDataProperties.swift in Sources */,
				D84BB6D626C8F770005C953B /* Item+CoreDataClass.swift in Sources */,
				D88B312026C6498F00FDB382 /* Persistence.swift in Sources */,
				D84BB6DB26C91192005C953B /* ChildView.swift in Sources */,
				D88B311926C6498E00FDB382 /* ContentView.swift in Sources */,
				D88B311726C6498E00FDB382 /* SwiftUICoreDataBugApp.swift in Sources */,
				D88B312326C6498F00FDB382 /* SwiftUICoreDataBug.xcdatamodeld in Sources */,
			);
			runOnlyForDeploymentPostprocessing = 0;
		};
/* End PBXSourcesBuildPhase section */

/* Begin XCBuildConfiguration section */
		D88B312526C6498F00FDB382 /* Debug */ = {
			isa = XCBuildConfiguration;
			buildSettings = {
				ALWAYS_SEARCH_USER_PATHS = NO;
				CLANG_ANALYZER_NONNULL = YES;
				CLANG_ANALYZER_NUMBER_OBJECT_CONVERSION = YES_AGGRESSIVE;
				CLANG_CXX_LANGUAGE_STANDARD = "gnu++14";
				CLANG_CXX_LIBRARY = "libc++";
				CLANG_ENABLE_MODULES = YES;
				CLANG_ENABLE_OBJC_ARC = YES;
				CLANG_ENABLE_OBJC_WEAK = YES;
				CLANG_WARN_BLOCK_CAPTURE_AUTORELEASING = YES;
				CLANG_WARN_BOOL_CONVERSION = YES;
				CLANG_WARN_COMMA = YES;
				CLANG_WARN_CONSTANT_CONVERSION = YES;
				CLANG_WARN_DEPRECATED_OBJC_IMPLEMENTATIONS = YES;
				CLANG_WARN_DIRECT_OBJC_ISA_USAGE = YES_ERROR;
				CLANG_WARN_DOCUMENTATION_COMMENTS = YES;
				CLANG_WARN_EMPTY_BODY = YES;
				CLANG_WARN_ENUM_CONVERSION = YES;
				CLANG_WARN_INFINITE_RECURSION = YES;
				CLANG_WARN_INT_CONVERSION = YES;
				CLANG_WARN_NON_LITERAL_NULL_CONVERSION = YES;
				CLANG_WARN_OBJC_IMPLICIT_RETAIN_SELF = YES;
				CLANG_WARN_OBJC_LITERAL_CONVERSION = YES;
				CLANG_WARN_OBJC_ROOT_CLASS = YES_ERROR;
				CLANG_WARN_QUOTED_INCLUDE_IN_FRAMEWORK_HEADER = YES;
				CLANG_WARN_RANGE_LOOP_ANALYSIS = YES;
				CLANG_WARN_STRICT_PROTOTYPES = YES;
				CLANG_WARN_SUSPICIOUS_MOVE = YES;
				CLANG_WARN_UNGUARDED_AVAILABILITY = YES_AGGRESSIVE;
				CLANG_WARN_UNREACHABLE_CODE = YES;
				CLANG_WARN__DUPLICATE_METHOD_MATCH = YES;
				COPY_PHASE_STRIP = NO;
				DEBUG_INFORMATION_FORMAT = dwarf;
				ENABLE_STRICT_OBJC_MSGSEND = YES;
				ENABLE_TESTABILITY = YES;
				GCC_C_LANGUAGE_STANDARD = gnu11;
				GCC_DYNAMIC_NO_PIC = NO;
				GCC_NO_COMMON_BLOCKS = YES;
				GCC_OPTIMIZATION_LEVEL = 0;
				GCC_PREPROCESSOR_DEFINITIONS = (
					"DEBUG=1",
					"$(inherited)",
				);
				GCC_WARN_64_TO_32_BIT_CONVERSION = YES;
				GCC_WARN_ABOUT_RETURN_TYPE = YES_ERROR;
				GCC_WARN_UNDECLARED_SELECTOR = YES;
				GCC_WARN_UNINITIALIZED_AUTOS = YES_AGGRESSIVE;
				GCC_WARN_UNUSED_FUNCTION = YES;
				GCC_WARN_UNUSED_VARIABLE = YES;
				IPHONEOS_DEPLOYMENT_TARGET = 14.5;
				MTL_ENABLE_DEBUG_INFO = INCLUDE_SOURCE;
				MTL_FAST_MATH = YES;
				ONLY_ACTIVE_ARCH = YES;
				SDKROOT = iphoneos;
				SWIFT_ACTIVE_COMPILATION_CONDITIONS = DEBUG;
				SWIFT_OPTIMIZATION_LEVEL = "-Onone";
			};
			name = Debug;
		};
		D88B312626C6498F00FDB382 /* Release */ = {
			isa = XCBuildConfiguration;
			buildSettings = {
				ALWAYS_SEARCH_USER_PATHS = NO;
				CLANG_ANALYZER_NONNULL = YES;
				CLANG_ANALYZER_NUMBER_OBJECT_CONVERSION = YES_AGGRESSIVE;
				CLANG_CXX_LANGUAGE_STANDARD = "gnu++14";
				CLANG_CXX_LIBRARY = "libc++";
				CLANG_ENABLE_MODULES = YES;
				CLANG_ENABLE_OBJC_ARC = YES;
				CLANG_ENABLE_OBJC_WEAK = YES;
				CLANG_WARN_BLOCK_CAPTURE_AUTORELEASING = YES;
				CLANG_WARN_BOOL_CONVERSION = YES;
				CLANG_WARN_COMMA = YES;
				CLANG_WARN_CONSTANT_CONVERSION = YES;
				CLANG_WARN_DEPRECATED_OBJC_IMPLEMENTATIONS = YES;
				CLANG_WARN_DIRECT_OBJC_ISA_USAGE = YES_ERROR;
				CLANG_WARN_DOCUMENTATION_COMMENTS = YES;
				CLANG_WARN_EMPTY_BODY = YES;
				CLANG_WARN_ENUM_CONVERSION = YES;
				CLANG_WARN_INFINITE_RECURSION = YES;
				CLANG_WARN_INT_CONVERSION = YES;
				CLANG_WARN_NON_LITERAL_NULL_CONVERSION = YES;
				CLANG_WARN_OBJC_IMPLICIT_RETAIN_SELF = YES;
				CLANG_WARN_OBJC_LITERAL_CONVERSION = YES;
				CLANG_WARN_OBJC_ROOT_CLASS = YES_ERROR;
				CLANG_WARN_QUOTED_INCLUDE_IN_FRAMEWORK_HEADER = YES;
				CLANG_WARN_RANGE_LOOP_ANALYSIS = YES;
				CLANG_WARN_STRICT_PROTOTYPES = YES;
				CLANG_WARN_SUSPICIOUS_MOVE = YES;
				CLANG_WARN_UNGUARDED_AVAILABILITY = YES_AGGRESSIVE;
				CLANG_WARN_UNREACHABLE_CODE = YES;
				CLANG_WARN__DUPLICATE_METHOD_MATCH = YES;
				COPY_PHASE_STRIP = NO;
				DEBUG_INFORMATION_FORMAT = "dwarf-with-dsym";
				ENABLE_NS_ASSERTIONS = NO;
				ENABLE_STRICT_OBJC_MSGSEND = YES;
				GCC_C_LANGUAGE_STANDARD = gnu11;
				GCC_NO_COMMON_BLOCKS = YES;
				GCC_WARN_64_TO_32_BIT_CONVERSION = YES;
				GCC_WARN_ABOUT_RETURN_TYPE = YES_ERROR;
				GCC_WARN_UNDECLARED_SELECTOR = YES;
				GCC_WARN_UNINITIALIZED_AUTOS = YES_AGGRESSIVE;
				GCC_WARN_UNUSED_FUNCTION = YES;
				GCC_WARN_UNUSED_VARIABLE = YES;
				IPHONEOS_DEPLOYMENT_TARGET = 14.5;
				MTL_ENABLE_DEBUG_INFO = NO;
				MTL_FAST_MATH = YES;
				SDKROOT = iphoneos;
				SWIFT_COMPILATION_MODE = wholemodule;
				SWIFT_OPTIMIZATION_LEVEL = "-O";
				VALIDATE_PRODUCT = YES;
			};
			name = Release;
		};
		D88B312826C6498F00FDB382 /* Debug */ = {
			isa = XCBuildConfiguration;
			buildSettings = {
				ASSETCATALOG_COMPILER_APPICON_NAME = AppIcon;
				ASSETCATALOG_COMPILER_GLOBAL_ACCENT_COLOR_NAME = AccentColor;
				CODE_SIGN_STYLE = Automatic;
				DEVELOPMENT_ASSET_PATHS = "\"SwiftUICoreDataBug/Preview Content\"";
				DEVELOPMENT_TEAM = WHW593D57S;
				ENABLE_PREVIEWS = YES;
				INFOPLIST_FILE = SwiftUICoreDataBug/Info.plist;
				IPHONEOS_DEPLOYMENT_TARGET = 14.0;
				LD_RUNPATH_SEARCH_PATHS = (
					"$(inherited)",
					"@executable_path/Frameworks",
				);
				PRODUCT_BUNDLE_IDENTIFIER = digitbrains.com.SwiftUICoreDataBug;
				PRODUCT_NAME = "$(TARGET_NAME)";
				SWIFT_VERSION = 5.0;
				TARGETED_DEVICE_FAMILY = "1,2";
			};
			name = Debug;
		};
		D88B312926C6498F00FDB382 /* Release */ = {
			isa = XCBuildConfiguration;
			buildSettings = {
				ASSETCATALOG_COMPILER_APPICON_NAME = AppIcon;
				ASSETCATALOG_COMPILER_GLOBAL_ACCENT_COLOR_NAME = AccentColor;
				CODE_SIGN_STYLE = Automatic;
				DEVELOPMENT_ASSET_PATHS = "\"SwiftUICoreDataBug/Preview Content\"";
				DEVELOPMENT_TEAM = WHW593D57S;
				ENABLE_PREVIEWS = YES;
				INFOPLIST_FILE = SwiftUICoreDataBug/Info.plist;
				IPHONEOS_DEPLOYMENT_TARGET = 14.0;
				LD_RUNPATH_SEARCH_PATHS = (
					"$(inherited)",
					"@executable_path/Frameworks",
				);
				PRODUCT_BUNDLE_IDENTIFIER = digitbrains.com.SwiftUICoreDataBug;
				PRODUCT_NAME = "$(TARGET_NAME)";
				SWIFT_VERSION = 5.0;
				TARGETED_DEVICE_FAMILY = "1,2";
			};
			name = Release;
		};
/* End XCBuildConfiguration section */

/* Begin XCConfigurationList section */
		D88B310E26C6498E00FDB382 /* Build configuration list for PBXProject "SwiftUICoreDataBug" */ = {
			isa = XCConfigurationList;
			buildConfigurations = (
				D88B312526C6498F00FDB382 /* Debug */,
				D88B312626C6498F00FDB382 /* Release */,
			);
			defaultConfigurationIsVisible = 0;
			defaultConfigurationName = Release;
		};
		D88B312726C6498F00FDB382 /* Build configuration list for PBXNativeTarget "SwiftUICoreDataBug" */ = {
			isa = XCConfigurationList;
			buildConfigurations = (
				D88B312826C6498F00FDB382 /* Debug */,
				D88B312926C6498F00FDB382 /* Release */,
			);
			defaultConfigurationIsVisible = 0;
			defaultConfigurationName = Release;
		};
/* End XCConfigurationList section */

/* Begin XCVersionGroup section */
		D88B312126C6498F00FDB382 /* SwiftUICoreDataBug.xcdatamodeld */ = {
			isa = XCVersionGroup;
			children = (
				D88B312226C6498F00FDB382 /* SwiftUICoreDataBug.xcdatamodel */,
			);
			currentVersion = D88B312226C6498F00FDB382 /* SwiftUICoreDataBug.xcdatamodel */;
			path = SwiftUICoreDataBug.xcdatamodeld;
			sourceTree = "<group>";
			versionGroupType = wrapper.xcdatamodel;
		};
/* End XCVersionGroup section */
	};
	rootObject = D88B310B26C6498E00FDB382 /* Project object */;
}
